{
  "name": "wurst",
  "version": "0.5.10",
  "lockfileVersion": 2,
  "requires": true,
  "packages": {
    "": {
      "name": "wurst",
      "version": "0.5.10",
      "license": "SEE LICENSE IN LICENSE.txt",
      "dependencies": {
        "vscode-languageclient": "^5.2.1"
      },
      "devDependencies": {
        "@types/node": "^14.14.7",
        "@types/os-homedir": "^1.0.0",
        "@types/vscode": "^1.51.0",
        "typescript": "^4.0.5"
      },
      "engines": {
        "vscode": "^1.30.0"
      }
    },
    "node_modules/@types/node": {
      "version": "14.17.9",
      "resolved": "https://registry.npmjs.org/@types/node/-/node-14.17.9.tgz",
      "integrity": "sha512-CMjgRNsks27IDwI785YMY0KLt3co/c0cQ5foxHYv/shC2w8oOnVwz5Ubq1QG5KzrcW+AXk6gzdnxIkDnTvzu3g==",
      "dev": true
    },
    "node_modules/@types/os-homedir": {
      "version": "1.0.0",
      "resolved": "https://registry.npmjs.org/@types/os-homedir/-/os-homedir-1.0.0.tgz",
      "integrity": "sha1-sTQEjRVnzhsVJKvB5zzTbfatjq0=",
      "dev": true
    },
    "node_modules/@types/vscode": {
      "version": "1.59.0",
      "resolved": "https://registry.npmjs.org/@types/vscode/-/vscode-1.59.0.tgz",
      "integrity": "sha512-Zg38rusx2nU6gy6QdF7v4iqgxNfxzlBlDhrRCjOiPQp+sfaNrp3f9J6OHIhpGNN1oOAca4+9Hq0+8u3jwzPMlQ==",
      "dev": true
    },
    "node_modules/semver": {
      "version": "5.7.1",
      "resolved": "https://registry.npmjs.org/semver/-/semver-5.7.1.tgz",
      "integrity": "sha512-sauaDf/PZdVgrLTNYHRtpXa1iRiKcaebiKQ1BJdpQlWH2lCvexQdX55snPFyK7QzpudqbCI0qXFfOasHdyNDGQ==",
      "bin": {
        "semver": "bin/semver"
      }
    },
    "node_modules/typescript": {
      "version": "4.3.5",
      "resolved": "https://registry.npmjs.org/typescript/-/typescript-4.3.5.tgz",
      "integrity": "sha512-DqQgihaQ9cUrskJo9kIyW/+g0Vxsk8cDtZ52a3NGh0YNTfpUSArXSohyUGnvbPazEPLu398C0UxmKSOrPumUzA==",
      "dev": true,
      "bin": {
        "tsc": "bin/tsc",
        "tsserver": "bin/tsserver"
      },
      "engines": {
        "node": ">=4.2.0"
      }
    },
    "node_modules/vscode-jsonrpc": {
      "version": "4.0.0",
      "resolved": "https://registry.npmjs.org/vscode-jsonrpc/-/vscode-jsonrpc-4.0.0.tgz",
      "integrity": "sha512-perEnXQdQOJMTDFNv+UF3h1Y0z4iSiaN9jIlb0OqIYgosPCZGYh/MCUlkFtV2668PL69lRDO32hmvL2yiidUYg==",
      "engines": {
        "node": ">=8.0.0 || >=10.0.0"
      }
    },
    "node_modules/vscode-languageclient": {
      "version": "5.2.1",
      "resolved": "https://registry.npmjs.org/vscode-languageclient/-/vscode-languageclient-5.2.1.tgz",
      "integrity": "sha512-7jrS/9WnV0ruqPamN1nE7qCxn0phkH5LjSgSp9h6qoJGoeAKzwKz/PF6M+iGA/aklx4GLZg1prddhEPQtuXI1Q==",
      "dependencies": {
        "semver": "^5.5.0",
        "vscode-languageserver-protocol": "3.14.1"
      },
      "engines": {
        "vscode": "^1.30"
      }
    },
    "node_modules/vscode-languageserver-protocol": {
      "version": "3.14.1",
      "resolved": "https://registry.npmjs.org/vscode-languageserver-protocol/-/vscode-languageserver-protocol-3.14.1.tgz",
      "integrity": "sha512-IL66BLb2g20uIKog5Y2dQ0IiigW0XKrvmWiOvc0yXw80z3tMEzEnHjaGAb3ENuU7MnQqgnYJ1Cl2l9RvNgDi4g==",
      "dependencies": {
        "vscode-jsonrpc": "^4.0.0",
        "vscode-languageserver-types": "3.14.0"
      }
    },
    "node_modules/vscode-languageserver-types": {
      "version": "3.14.0",
      "resolved": "https://registry.npmjs.org/vscode-languageserver-types/-/vscode-languageserver-types-3.14.0.tgz",
      "integrity": "sha512-lTmS6AlAlMHOvPQemVwo3CezxBp0sNB95KNPkqp3Nxd5VFEnuG1ByM0zlRWos0zjO3ZWtkvhal0COgiV1xIA4A=="
    }
  },
  "dependencies": {
    "@types/node": {
      "version": "14.17.9",
      "resolved": "https://registry.npmjs.org/@types/node/-/node-14.17.9.tgz",
      "integrity": "sha512-CMjgRNsks27IDwI785YMY0KLt3co/c0cQ5foxHYv/shC2w8oOnVwz5Ubq1QG5KzrcW+AXk6gzdnxIkDnTvzu3g==",
      "dev": true
    },
    "@types/os-homedir": {
      "version": "1.0.0",
      "resolved": "https://registry.npmjs.org/@types/os-homedir/-/os-homedir-1.0.0.tgz",
      "integrity": "sha1-sTQEjRVnzhsVJKvB5zzTbfatjq0=",
      "dev": true
    },
    "@types/vscode": {
      "version": "1.59.0",
      "resolved": "https://registry.npmjs.org/@types/vscode/-/vscode-1.59.0.tgz",
      "integrity": "sha512-Zg38rusx2nU6gy6QdF7v4iqgxNfxzlBlDhrRCjOiPQp+sfaNrp3f9J6OHIhpGNN1oOAca4+9Hq0+8u3jwzPMlQ==",
      "dev": true
    },
    "semver": {
      "version": "5.7.1",
      "resolved": "https://registry.npmjs.org/semver/-/semver-5.7.1.tgz",
      "integrity": "sha512-sauaDf/PZdVgrLTNYHRtpXa1iRiKcaebiKQ1BJdpQlWH2lCvexQdX55snPFyK7QzpudqbCI0qXFfOasHdyNDGQ=="
    },
    "typescript": {
      "version": "4.3.5",
      "resolved": "https://registry.npmjs.org/typescript/-/typescript-4.3.5.tgz",
      "integrity": "sha512-DqQgihaQ9cUrskJo9kIyW/+g0Vxsk8cDtZ52a3NGh0YNTfpUSArXSohyUGnvbPazEPLu398C0UxmKSOrPumUzA==",
      "dev": true
    },
    "vscode-jsonrpc": {
      "version": "4.0.0",
      "resolved": "https://registry.npmjs.org/vscode-jsonrpc/-/vscode-jsonrpc-4.0.0.tgz",
      "integrity": "sha512-perEnXQdQOJMTDFNv+UF3h1Y0z4iSiaN9jIlb0OqIYgosPCZGYh/MCUlkFtV2668PL69lRDO32hmvL2yiidUYg=="
    },
    "vscode-languageclient": {
      "version": "5.2.1",
      "resolved": "https://registry.npmjs.org/vscode-languageclient/-/vscode-languageclient-5.2.1.tgz",
      "integrity": "sha512-7jrS/9WnV0ruqPamN1nE7qCxn0phkH5LjSgSp9h6qoJGoeAKzwKz/PF6M+iGA/aklx4GLZg1prddhEPQtuXI1Q==",
      "requires": {
        "semver": "^5.5.0",
        "vscode-languageserver-protocol": "3.14.1"
      }
    },
    "vscode-languageserver-protocol": {
      "version": "3.14.1",
      "resolved": "https://registry.npmjs.org/vscode-languageserver-protocol/-/vscode-languageserver-protocol-3.14.1.tgz",
      "integrity": "sha512-IL66BLb2g20uIKog5Y2dQ0IiigW0XKrvmWiOvc0yXw80z3tMEzEnHjaGAb3ENuU7MnQqgnYJ1Cl2l9RvNgDi4g==",
      "requires": {
        "vscode-jsonrpc": "^4.0.0",
        "vscode-languageserver-types": "3.14.0"
      }
    },
    "vscode-languageserver-types": {
      "version": "3.14.0",
      "resolved": "https://registry.npmjs.org/vscode-languageserver-types/-/vscode-languageserver-types-3.14.0.tgz",
      "integrity": "sha512-lTmS6AlAlMHOvPQemVwo3CezxBp0sNB95KNPkqp3Nxd5VFEnuG1ByM0zlRWos0zjO3ZWtkvhal0COgiV1xIA4A=="
    }
  }
}
